<?xml version="1.0" encoding="UTF-8"?>
<CONFIG>
  <ProjectOptions>
    <Version Value="12"/>
    <General>
      <Flags>
        <CompatibilityMode Value="True"/>
      </Flags>
      <Title Value="UnitConverterTests"/>
      <ResourceType Value="res"/>
      <UseXPManifest Value="True"/>
      <Icon Value="0"/>
    </General>
    <i18n>
      <EnableI18N LFM="False"/>
    </i18n>
    <VersionInfo>
      <UseVersionInfo Value="True"/>
      <AutoIncrementBuild Value="True"/>
      <MajorVersionNr Value="1"/>
      <MinorVersionNr Value="5"/>
      <BuildNr Value="49"/>
      <Attributes pvaDebug="True"/>
      <StringTable CompanyName="FORMATIO RETICULARIS " InternalName="Unit Converter 1.5.0 (Felis) " LegalCopyright="© 1994 - 2025 J. W. Dietrich and collaborators" ProductName="PUMA Repository" ProductVersion="1.5.0"/>
    </VersionInfo>
    <BuildModes Count="1" Active="Default">
      <Item1 Name="Default" Default="True"/>
    </BuildModes>
    <PublishOptions>
      <Version Value="2"/>
    </PublishOptions>
    <RunParams>
      <FormatVersion Value="2"/>
      <Modes Count="1">
        <Mode0 Name="default"/>
      </Modes>
    </RunParams>
    <RequiredPackages Count="3">
      <Item1>
        <PackageName Value="FPCUnitTestRunner"/>
      </Item1>
      <Item2>
        <PackageName Value="LCL"/>
      </Item2>
      <Item3>
        <PackageName Value="FCL"/>
      </Item3>
    </RequiredPackages>
    <Units Count="3">
      <Unit0>
        <Filename Value="UnitConverterTests.lpr"/>
        <IsPartOfProject Value="True"/>
        <EditorIndex Value="2"/>
        <CursorPos Y="2"/>
        <UsageCount Value="22"/>
        <Loaded Value="True"/>
      </Unit0>
      <Unit1>
        <Filename Value="unitconvertertestcase.pas"/>
        <IsPartOfProject Value="True"/>
        <UnitName Value="UnitConverterTestCase"/>
        <EditorIndex Value="1"/>
        <CursorPos Y="2"/>
        <UsageCount Value="22"/>
        <Loaded Value="True"/>
      </Unit1>
      <Unit2>
        <Filename Value="../unitconverter.pas"/>
        <IsPartOfProject Value="True"/>
        <UnitName Value="UnitConverter"/>
        <IsVisibleTab Value="True"/>
        <CursorPos X="80" Y="19"/>
        <ExtraEditorCount Value="2"/>
        <ExtraEditor1>
          <EditorIndex Value="-1"/>
          <WindowIndex Value="-1"/>
          <TopLine Value="286"/>
          <CursorPos X="74" Y="347"/>
        </ExtraEditor1>
        <ExtraEditor2>
          <EditorIndex Value="-1"/>
          <WindowIndex Value="-1"/>
          <TopLine Value="451"/>
          <CursorPos X="41" Y="466"/>
        </ExtraEditor2>
        <UsageCount Value="22"/>
        <Loaded Value="True"/>
      </Unit2>
    </Units>
    <JumpHistory Count="30" HistoryIndex="29">
      <Position1>
        <Filename Value="../unitconverter.pas"/>
        <Caret Line="602" TopLine="598"/>
      </Position1>
      <Position2>
        <Filename Value="../unitconverter.pas"/>
        <Caret Line="620" TopLine="595"/>
      </Position2>
      <Position3>
        <Filename Value="../unitconverter.pas"/>
        <Caret Line="622" TopLine="595"/>
      </Position3>
      <Position4>
        <Filename Value="../unitconverter.pas"/>
        <Caret Line="624" TopLine="594"/>
      </Position4>
      <Position5>
        <Filename Value="../unitconverter.pas"/>
        <Caret Line="625" TopLine="598"/>
      </Position5>
      <Position6>
        <Filename Value="../unitconverter.pas"/>
        <Caret Line="627" TopLine="600"/>
      </Position6>
      <Position7>
        <Filename Value="../unitconverter.pas"/>
        <Caret Line="629" TopLine="602"/>
      </Position7>
      <Position8>
        <Filename Value="../unitconverter.pas"/>
        <Caret Line="709" TopLine="683"/>
      </Position8>
      <Position9>
        <Filename Value="../unitconverter.pas"/>
        <Caret Line="711" TopLine="683"/>
      </Position9>
      <Position10>
        <Filename Value="unitconvertertestcase.pas"/>
        <Caret Line="444" Column="60" TopLine="422"/>
      </Position10>
      <Position11>
        <Filename Value="unitconvertertestcase.pas"/>
        <Caret Line="445" TopLine="422"/>
      </Position11>
      <Position12>
        <Filename Value="../unitconverter.pas"/>
        <Caret Line="700" TopLine="683"/>
      </Position12>
      <Position13>
        <Filename Value="../unitconverter.pas"/>
        <Caret Line="701" TopLine="683"/>
      </Position13>
      <Position14>
        <Filename Value="../unitconverter.pas"/>
        <Caret Line="705" TopLine="683"/>
      </Position14>
      <Position15>
        <Filename Value="../unitconverter.pas"/>
        <Caret Line="565" TopLine="548"/>
      </Position15>
      <Position16>
        <Filename Value="../unitconverter.pas"/>
        <Caret Line="566" TopLine="548"/>
      </Position16>
      <Position17>
        <Filename Value="../unitconverter.pas"/>
        <Caret Line="706" TopLine="683"/>
      </Position17>
      <Position18>
        <Filename Value="../unitconverter.pas"/>
        <Caret Line="707" TopLine="683"/>
      </Position18>
      <Position19>
        <Filename Value="../unitconverter.pas"/>
        <Caret Line="208" Column="24" TopLine="191"/>
      </Position19>
      <Position20>
        <Filename Value="../unitconverter.pas"/>
        <Caret Line="358" Column="68" TopLine="337"/>
      </Position20>
      <Position21>
        <Filename Value="../unitconverter.pas"/>
        <Caret Line="360" Column="23" TopLine="344"/>
      </Position21>
      <Position22>
        <Filename Value="../unitconverter.pas"/>
        <Caret Line="361" Column="21" TopLine="344"/>
      </Position22>
      <Position23>
        <Filename Value="../unitconverter.pas"/>
        <Caret Line="199" Column="21" TopLine="182"/>
      </Position23>
      <Position24>
        <Filename Value="../unitconverter.pas"/>
        <Caret Line="361" Column="21" TopLine="333"/>
      </Position24>
      <Position25>
        <Filename Value="../unitconverter.pas"/>
        <Caret Line="200" Column="21" TopLine="182"/>
      </Position25>
      <Position26>
        <Filename Value="../unitconverter.pas"/>
        <Caret Line="352" Column="21" TopLine="324"/>
      </Position26>
      <Position27>
        <Filename Value="../unitconverter.pas"/>
        <Caret Line="597" Column="55" TopLine="594"/>
      </Position27>
      <Position28>
        <Filename Value="unitconvertertestcase.pas"/>
        <Caret Line="446" Column="51" TopLine="425"/>
      </Position28>
      <Position29>
        <Filename Value="../unitconverter.pas"/>
        <Caret Line="597" Column="23" TopLine="584"/>
      </Position29>
      <Position30>
        <Filename Value="../unitconverter.pas"/>
        <Caret Line="467" Column="41" TopLine="442"/>
      </Position30>
    </JumpHistory>
  </ProjectOptions>
  <CompilerOptions>
    <Version Value="11"/>
    <SearchPaths>
      <IncludeFiles Value="$(ProjOutDir)"/>
      <OtherUnitFiles Value=".."/>
    </SearchPaths>
    <Linking>
      <Debugging>
        <DebugInfoType Value="dsDwarf2Set"/>
      </Debugging>
    </Linking>
  </CompilerOptions>
  <Debugging>
    <Exceptions Count="3">
      <Item1>
        <Name Value="EAbort"/>
      </Item1>
      <Item2>
        <Name Value="ECodetoolError"/>
      </Item2>
      <Item3>
        <Name Value="EFOpenError"/>
      </Item3>
    </Exceptions>
  </Debugging>
</CONFIG>
