<?xml version="1.0" encoding="UTF-8"?>
<CONFIG>
  <ProjectOptions>
    <Version Value="9"/>
    <General>
      <MainUnit Value="0"/>
      <Title Value="UnitConverterTests"/>
      <ResourceType Value="res"/>
      <UseXPManifest Value="True"/>
      <Icon Value="0"/>
    </General>
    <i18n>
      <EnableI18N LFM="False"/>
    </i18n>
    <VersionInfo>
      <UseVersionInfo Value="True"/>
      <AutoIncrementBuild Value="True"/>
      <MajorVersionNr Value="1"/>
      <MinorVersionNr Value="4"/>
      <BuildNr Value="45"/>
      <Attributes pvaDebug="True"/>
      <StringTable CompanyName="FORMATIO RETICULARIS " InternalName="Unit Converter 1.4.0 (Eridanus) " LegalCopyright="© 1994 - 2016 J. W. Dietrich and collaborators" ProductName="PUMA Repository" ProductVersion="1.4.0"/>
    </VersionInfo>
    <BuildModes Count="1" Active="Default">
      <Item1 Name="Default" Default="True"/>
    </BuildModes>
    <PublishOptions>
      <Version Value="2"/>
      <IncludeFileFilter Value="*.(pas|pp|inc|lfm|lpr|lrs|lpi|lpk|sh|xml)"/>
      <ExcludeFileFilter Value="*.(bak|ppu|o|so);*~;backup"/>
    </PublishOptions>
    <RunParams>
      <local>
        <FormatVersion Value="1"/>
      </local>
    </RunParams>
    <RequiredPackages Count="3">
      <Item1>
        <PackageName Value="FPCUnitTestRunner"/>
      </Item1>
      <Item2>
        <PackageName Value="LCL"/>
      </Item2>
      <Item3>
        <PackageName Value="FCL"/>
      </Item3>
    </RequiredPackages>
    <Units Count="3">
      <Unit0>
        <Filename Value="UnitConverterTests.lpr"/>
        <IsPartOfProject Value="True"/>
        <EditorIndex Value="2"/>
        <CursorPos X="7" Y="2"/>
        <UsageCount Value="20"/>
        <Loaded Value="True"/>
      </Unit0>
      <Unit1>
        <Filename Value="unitconvertertestcase.pas"/>
        <IsPartOfProject Value="True"/>
        <UnitName Value="UnitConverterTestCase"/>
        <EditorIndex Value="1"/>
        <CursorPos X="8" Y="2"/>
        <UsageCount Value="20"/>
        <Loaded Value="True"/>
      </Unit1>
      <Unit2>
        <Filename Value="../unitconverter.pas"/>
        <IsPartOfProject Value="True"/>
        <UnitName Value="UnitConverter"/>
        <IsVisibleTab Value="True"/>
        <CursorPos Y="2"/>
        <UsageCount Value="20"/>
        <Loaded Value="True"/>
      </Unit2>
    </Units>
    <JumpHistory Count="30" HistoryIndex="29">
      <Position1>
        <Filename Value="UnitConverterTests.lpr"/>
        <Caret Line="9" Column="29"/>
      </Position1>
      <Position2>
        <Filename Value="../unitconverter.pas"/>
        <Caret Line="2" Column="29"/>
      </Position2>
      <Position3>
        <Filename Value="../unitconverter.pas"/>
        <Caret Line="165" Column="46" TopLine="150"/>
      </Position3>
      <Position4>
        <Filename Value="../unitconverter.pas"/>
        <Caret Line="2" Column="6"/>
      </Position4>
      <Position5>
        <Filename Value="../unitconverter.pas"/>
        <Caret Line="324" Column="10" TopLine="306"/>
      </Position5>
      <Position6>
        <Filename Value="../unitconverter.pas"/>
        <Caret Line="325" Column="3" TopLine="307"/>
      </Position6>
      <Position7>
        <Filename Value="../unitconverter.pas"/>
        <Caret Line="366" Column="13" TopLine="349"/>
      </Position7>
      <Position8>
        <Filename Value="../unitconverter.pas"/>
        <Caret Line="376" Column="10" TopLine="365"/>
      </Position8>
      <Position9>
        <Filename Value="../unitconverter.pas"/>
        <Caret Line="419" Column="24" TopLine="410"/>
      </Position9>
      <Position10>
        <Filename Value="../unitconverter.pas"/>
        <Caret Line="376" Column="10" TopLine="359"/>
      </Position10>
      <Position11>
        <Filename Value="../unitconverter.pas"/>
        <Caret Line="419" Column="24" TopLine="392"/>
      </Position11>
      <Position12>
        <Filename Value="../unitconverter.pas"/>
        <Caret Line="376" TopLine="359"/>
      </Position12>
      <Position13>
        <Filename Value="../unitconverter.pas"/>
        <Caret Line="418" Column="2" TopLine="391"/>
      </Position13>
      <Position14>
        <Filename Value="../unitconverter.pas"/>
        <Caret Line="583" Column="18" TopLine="581"/>
      </Position14>
      <Position15>
        <Filename Value="../unitconverter.pas"/>
        <Caret Line="594" Column="71" TopLine="581"/>
      </Position15>
      <Position16>
        <Filename Value="../unitconverter.pas"/>
        <Caret Line="604" Column="70" TopLine="581"/>
      </Position16>
      <Position17>
        <Filename Value="../unitconverter.pas"/>
        <Caret Line="575" Column="30" TopLine="558"/>
      </Position17>
      <Position18>
        <Filename Value="../unitconverter.pas"/>
        <Caret Line="583" Column="18" TopLine="558"/>
      </Position18>
      <Position19>
        <Filename Value="../unitconverter.pas"/>
        <Caret Line="594" Column="71" TopLine="566"/>
      </Position19>
      <Position20>
        <Filename Value="../unitconverter.pas"/>
        <Caret Line="604" Column="70" TopLine="577"/>
      </Position20>
      <Position21>
        <Filename Value="../unitconverter.pas"/>
        <Caret Line="575" Column="30" TopLine="558"/>
      </Position21>
      <Position22>
        <Filename Value="../unitconverter.pas"/>
        <Caret Line="583" Column="18" TopLine="558"/>
      </Position22>
      <Position23>
        <Filename Value="../unitconverter.pas"/>
        <Caret Line="594" Column="71" TopLine="566"/>
      </Position23>
      <Position24>
        <Filename Value="../unitconverter.pas"/>
        <Caret Line="604" Column="70" TopLine="577"/>
      </Position24>
      <Position25>
        <Filename Value="../unitconverter.pas"/>
        <Caret Line="575" Column="30" TopLine="558"/>
      </Position25>
      <Position26>
        <Filename Value="../unitconverter.pas"/>
        <Caret Line="583" Column="18" TopLine="558"/>
      </Position26>
      <Position27>
        <Filename Value="../unitconverter.pas"/>
        <Caret Line="594" Column="71" TopLine="566"/>
      </Position27>
      <Position28>
        <Filename Value="../unitconverter.pas"/>
        <Caret Line="604" Column="70" TopLine="577"/>
      </Position28>
      <Position29>
        <Filename Value="../unitconverter.pas"/>
        <Caret Line="575" Column="27" TopLine="564"/>
      </Position29>
      <Position30>
        <Filename Value="unitconvertertestcase.pas"/>
        <Caret Line="2" Column="4"/>
      </Position30>
    </JumpHistory>
  </ProjectOptions>
  <CompilerOptions>
    <Version Value="11"/>
    <SearchPaths>
      <IncludeFiles Value="$(ProjOutDir)"/>
      <OtherUnitFiles Value=".."/>
    </SearchPaths>
  </CompilerOptions>
  <Debugging>
    <Exceptions Count="3">
      <Item1>
        <Name Value="EAbort"/>
      </Item1>
      <Item2>
        <Name Value="ECodetoolError"/>
      </Item2>
      <Item3>
        <Name Value="EFOpenError"/>
      </Item3>
    </Exceptions>
  </Debugging>
</CONFIG>
